
Microsoft Visual Studio Solution File, Format Version 12.00
# Visual Studio Version 17
VisualStudioVersion = 17.0.31912.275
MinimumVisualStudioVersion = 10.0.40219.1
Project("{FAE04EC0-301F-11D3-BF4B-00C04F79EFBC}") = "Portafolio", "Portafolio.csproj", "{7401BC0D-E5EB-455B-923D-4FB494977AC5}"
EndProject
Global
	GlobalSection(SolutionConfigurationPlatforms) = preSolution
		Debug|Any CPU = Debug|Any CPU
		Release|Any CPU = Release|Any CPU
	EndGlobalSection
	GlobalSection(ProjectConfigurationPlatforms) = postSolution
		{7401BC0D-E5EB-455B-923D-4FB494977AC5}.Debug|Any CPU.ActiveCfg = Debug|Any CPU
		{7401BC0D-E5EB-455B-923D-4FB494977AC5}.Debug|Any CPU.Build.0 = Debug|Any CPU
		{7401BC0D-E5EB-455B-923D-4FB494977AC5}.Release|Any CPU.ActiveCfg = Release|Any CPU
		{7401BC0D-E5EB-455B-923D-4FB494977AC5}.Release|Any CPU.Build.0 = Release|Any CPU
	EndGlobalSection
	GlobalSection(SolutionProperties) = preSolution
		HideSolutionNode = FALSE
	EndGlobalSection
	GlobalSection(ExtensibilityGlobals) = postSolution
		SolutionGuid = {78F0933B-DF6C-413D-9D0C-DF1DCEC59418}
	EndGlobalSection
EndGlobal
